
Microsoft Visual Studio Solution File, Format Version 12.00
# Visual Studio Version 16
VisualStudioVersion = 16.0.31205.134
MinimumVisualStudioVersion = 10.0.40219.1
Project("{FAE04EC0-301F-11D3-BF4B-00C04F79EFBC}") = "Achievements.UI", "Achievements.UI\Achievements.UI.csproj", "{3DBF40DB-F6E9-4253-95B8-FF437579030D}"
EndProject
Project("{FAE04EC0-301F-11D3-BF4B-00C04F79EFBC}") = "Achievements.Database", "Achievements.Database\Achievements.Database.csproj", "{F1E23E58-6869-4D60-9F11-71A4F06F2CD1}"
EndProject
Global
	GlobalSection(SolutionConfigurationPlatforms) = preSolution
		Debug|Any CPU = Debug|Any CPU
		Release|Any CPU = Release|Any CPU
	EndGlobalSection
	GlobalSection(ProjectConfigurationPlatforms) = postSolution
		{3DBF40DB-F6E9-4253-95B8-FF437579030D}.Debug|Any CPU.ActiveCfg = Debug|Any CPU
		{3DBF40DB-F6E9-4253-95B8-FF437579030D}.Debug|Any CPU.Build.0 = Debug|Any CPU
		{3DBF40DB-F6E9-4253-95B8-FF437579030D}.Release|Any CPU.ActiveCfg = Release|Any CPU
		{3DBF40DB-F6E9-4253-95B8-FF437579030D}.Release|Any CPU.Build.0 = Release|Any CPU
		{F1E23E58-6869-4D60-9F11-71A4F06F2CD1}.Debug|Any CPU.ActiveCfg = Debug|Any CPU
		{F1E23E58-6869-4D60-9F11-71A4F06F2CD1}.Debug|Any CPU.Build.0 = Debug|Any CPU
		{F1E23E58-6869-4D60-9F11-71A4F06F2CD1}.Release|Any CPU.ActiveCfg = Release|Any CPU
		{F1E23E58-6869-4D60-9F11-71A4F06F2CD1}.Release|Any CPU.Build.0 = Release|Any CPU
	EndGlobalSection
	GlobalSection(SolutionProperties) = preSolution
		HideSolutionNode = FALSE
	EndGlobalSection
	GlobalSection(ExtensibilityGlobals) = postSolution
		SolutionGuid = {A316B443-22C1-447E-BC35-173439353D5A}
	EndGlobalSection
EndGlobal
